
Microsoft Visual Studio Solution File, Format Version 12.00
# Visual Studio Version 17
VisualStudioVersion = 17.0.31912.275
MinimumVisualStudioVersion = 10.0.40219.1
Project("{FAE04EC0-301F-11D3-BF4B-00C04F79EFBC}") = "WebUIAutomation", "WebUIAutomation\WebUIAutomation.csproj", "{72A10F76-7F9C-46FA-A86E-A8205255A11C}"
EndProject
Global
	GlobalSection(SolutionConfigurationPlatforms) = preSolution
		Debug|Any CPU = Debug|Any CPU
		Release|Any CPU = Release|Any CPU
	EndGlobalSection
	GlobalSection(ProjectConfigurationPlatforms) = postSolution
		{72A10F76-7F9C-46FA-A86E-A8205255A11C}.Debug|Any CPU.ActiveCfg = Debug|Any CPU
		{72A10F76-7F9C-46FA-A86E-A8205255A11C}.Debug|Any CPU.Build.0 = Debug|Any CPU
		{72A10F76-7F9C-46FA-A86E-A8205255A11C}.Release|Any CPU.ActiveCfg = Release|Any CPU
		{72A10F76-7F9C-46FA-A86E-A8205255A11C}.Release|Any CPU.Build.0 = Release|Any CPU
	EndGlobalSection
	GlobalSection(SolutionProperties) = preSolution
		HideSolutionNode = FALSE
	EndGlobalSection
	GlobalSection(ExtensibilityGlobals) = postSolution
		SolutionGuid = {D792636F-8447-4625-AA2E-F21B1E9F6D29}
	EndGlobalSection
EndGlobal
